# @generated by Move, please check-in and do not edit manually.

[move]
version = 3
manifest_digest = "8789C3D60417EE2B0E644FE0004914D77677A5B69F44DC24CDB66280AA1547C2"
deps_digest = "F8BBB0CCB2491CA29A3DF03D6F92277A4F3574266507ACD77214D37ECA3F3082"
dependencies = [
  { id = "Sui", name = "Sui" },
]

[[move.package]]
id = "MoveStdlib"
source = { git = "https://github.com/MystenLabs/sui.git", rev = "framework/testnet", subdir = "crates/sui-framework/packages/move-stdlib" }

[[move.package]]
id = "Sui"
source = { git = "https://github.com/MystenLabs/sui.git", rev = "framework/testnet", subdir = "crates/sui-framework/packages/sui-framework" }

dependencies = [
  { id = "MoveStdlib", name = "MoveStdlib" },
]

[move.toolchain-version]
compiler-version = "1.39.3"
edition = "2024.beta"
flavor = "sui"

[env]

[env.local]
chain-id = "91262ee6"
original-published-id = "0xc60bf9a099c8e6e718cf1de27876452c3e63302060d27a564e9c9586577424c1"
latest-published-id = "0xc60bf9a099c8e6e718cf1de27876452c3e63302060d27a564e9c9586577424c1"
published-version = "1"
